
Microsoft Visual Studio Solution File, Format Version 12.00
# Visual Studio Version 17
VisualStudioVersion = 17.2.32630.192
MinimumVisualStudioVersion = 10.0.40219.1
Project("{FAE04EC0-301F-11D3-BF4B-00C04F79EFBC}") = "Eiçç", "Eiçç\Eiçç.csproj", "{F94BE809-C4FD-4159-922B-7C77CE798438}"
EndProject
Global
	GlobalSection(SolutionConfigurationPlatforms) = preSolution
		Debug|Any CPU = Debug|Any CPU
		Release|Any CPU = Release|Any CPU
	EndGlobalSection
	GlobalSection(ProjectConfigurationPlatforms) = postSolution
		{F94BE809-C4FD-4159-922B-7C77CE798438}.Debug|Any CPU.ActiveCfg = Debug|Any CPU
		{F94BE809-C4FD-4159-922B-7C77CE798438}.Debug|Any CPU.Build.0 = Debug|Any CPU
		{F94BE809-C4FD-4159-922B-7C77CE798438}.Release|Any CPU.ActiveCfg = Release|Any CPU
		{F94BE809-C4FD-4159-922B-7C77CE798438}.Release|Any CPU.Build.0 = Release|Any CPU
	EndGlobalSection
	GlobalSection(SolutionProperties) = preSolution
		HideSolutionNode = FALSE
	EndGlobalSection
	GlobalSection(ExtensibilityGlobals) = postSolution
		SolutionGuid = {A1E55DCD-72A8-4FDA-A6FF-261D6D56AA99}
	EndGlobalSection
EndGlobal
